
Microsoft Visual Studio Solution File, Format Version 12.00
# Visual Studio 15
VisualStudioVersion = 15.0.26124.0
MinimumVisualStudioVersion = 15.0.26124.0
Project("{FAE04EC0-301F-11D3-BF4B-00C04F79EFBC}") = "MhLabs.Calendar", "MhLabs.Calendar\MhLabs.Calendar.csproj", "{91752E18-2458-49EC-94A0-BA9F102B1C06}"
EndProject
Project("{FAE04EC0-301F-11D3-BF4B-00C04F79EFBC}") = "MhLabs.Calendar.Tests", "MhLabs.Calendar.Tests\MhLabs.Calendar.Tests.csproj", "{864455D6-78F0-4155-8F9C-17C6DFF29546}"
EndProject
Global
	GlobalSection(SolutionConfigurationPlatforms) = preSolution
		Debug|Any CPU = Debug|Any CPU
		Debug|x64 = Debug|x64
		Debug|x86 = Debug|x86
		Release|Any CPU = Release|Any CPU
		Release|x64 = Release|x64
		Release|x86 = Release|x86
	EndGlobalSection
	GlobalSection(SolutionProperties) = preSolution
		HideSolutionNode = FALSE
	EndGlobalSection
	GlobalSection(ProjectConfigurationPlatforms) = postSolution
		{91752E18-2458-49EC-94A0-BA9F102B1C06}.Debug|Any CPU.ActiveCfg = Debug|Any CPU
		{91752E18-2458-49EC-94A0-BA9F102B1C06}.Debug|Any CPU.Build.0 = Debug|Any CPU
		{91752E18-2458-49EC-94A0-BA9F102B1C06}.Debug|x64.ActiveCfg = Debug|Any CPU
		{91752E18-2458-49EC-94A0-BA9F102B1C06}.Debug|x64.Build.0 = Debug|Any CPU
		{91752E18-2458-49EC-94A0-BA9F102B1C06}.Debug|x86.ActiveCfg = Debug|Any CPU
		{91752E18-2458-49EC-94A0-BA9F102B1C06}.Debug|x86.Build.0 = Debug|Any CPU
		{91752E18-2458-49EC-94A0-BA9F102B1C06}.Release|Any CPU.ActiveCfg = Release|Any CPU
		{91752E18-2458-49EC-94A0-BA9F102B1C06}.Release|Any CPU.Build.0 = Release|Any CPU
		{91752E18-2458-49EC-94A0-BA9F102B1C06}.Release|x64.ActiveCfg = Release|Any CPU
		{91752E18-2458-49EC-94A0-BA9F102B1C06}.Release|x64.Build.0 = Release|Any CPU
		{91752E18-2458-49EC-94A0-BA9F102B1C06}.Release|x86.ActiveCfg = Release|Any CPU
		{91752E18-2458-49EC-94A0-BA9F102B1C06}.Release|x86.Build.0 = Release|Any CPU
		{864455D6-78F0-4155-8F9C-17C6DFF29546}.Debug|Any CPU.ActiveCfg = Debug|Any CPU
		{864455D6-78F0-4155-8F9C-17C6DFF29546}.Debug|Any CPU.Build.0 = Debug|Any CPU
		{864455D6-78F0-4155-8F9C-17C6DFF29546}.Debug|x64.ActiveCfg = Debug|Any CPU
		{864455D6-78F0-4155-8F9C-17C6DFF29546}.Debug|x64.Build.0 = Debug|Any CPU
		{864455D6-78F0-4155-8F9C-17C6DFF29546}.Debug|x86.ActiveCfg = Debug|Any CPU
		{864455D6-78F0-4155-8F9C-17C6DFF29546}.Debug|x86.Build.0 = Debug|Any CPU
		{864455D6-78F0-4155-8F9C-17C6DFF29546}.Release|Any CPU.ActiveCfg = Release|Any CPU
		{864455D6-78F0-4155-8F9C-17C6DFF29546}.Release|Any CPU.Build.0 = Release|Any CPU
		{864455D6-78F0-4155-8F9C-17C6DFF29546}.Release|x64.ActiveCfg = Release|Any CPU
		{864455D6-78F0-4155-8F9C-17C6DFF29546}.Release|x64.Build.0 = Release|Any CPU
		{864455D6-78F0-4155-8F9C-17C6DFF29546}.Release|x86.ActiveCfg = Release|Any CPU
		{864455D6-78F0-4155-8F9C-17C6DFF29546}.Release|x86.Build.0 = Release|Any CPU
	EndGlobalSection
EndGlobal
